# This file was autogenerated by uv via the following command:
#    uv pip compile pyproject.toml --extra juniper-data --extra juniper-cascor --extra observability -o requirements.lock
a2wsgi==1.10.10
    # via juniper-canopy (pyproject.toml)
annotated-doc==0.0.4
    # via fastapi
annotated-types==0.7.0
    # via pydantic
anyio==4.14.1
    # via
    #   httpx
    #   starlette
    #   watchfiles
blinker==1.9.0
    # via flask
certifi==2026.6.17
    # via
    #   httpcore
    #   httpx
    #   requests
    #   sentry-sdk
charset-normalizer==3.4.9
    # via requests
click==8.4.2
    # via
    #   flask
    #   uvicorn
colorama==0.4.6
    # via juniper-canopy (pyproject.toml)
dash==4.4.0
    # via
    #   juniper-canopy (pyproject.toml)
    #   dash-bootstrap-components
dash-bootstrap-components==2.0.4
    # via juniper-canopy (pyproject.toml)
fastapi==0.139.0
    # via
    #   juniper-canopy (pyproject.toml)
    #   juniper-service-core
flask==3.1.3
    # via dash
h11==0.16.0
    # via
    #   httpcore
    #   uvicorn
httpcore==1.0.9
    # via httpx
httptools==0.8.0
    # via uvicorn
httpx==0.28.1
    # via juniper-canopy (pyproject.toml)
idna==3.18
    # via
    #   anyio
    #   httpx
    #   requests
importlib-metadata==9.0.0
    # via dash
itsdangerous==2.2.0
    # via flask
janus==2.0.0
    # via dash
jinja2==3.1.6
    # via flask
juniper-cascor-client==0.7.0
    # via juniper-canopy (pyproject.toml)
juniper-cascor-protocol==0.1.0
    # via
    #   juniper-canopy (pyproject.toml)
    #   juniper-cascor-client
juniper-data-client==0.4.2
    # via juniper-canopy (pyproject.toml)
juniper-model-core==0.3.0
    # via juniper-service-core
juniper-observability==0.4.0
    # via juniper-canopy (pyproject.toml)
juniper-service-core==0.4.0
    # via juniper-canopy (pyproject.toml)
markupsafe==3.0.3
    # via
    #   flask
    #   jinja2
    #   werkzeug
narwhals==2.23.0
    # via plotly
nest-asyncio==1.6.0
    # via
    #   juniper-canopy (pyproject.toml)
    #   dash
networkx==3.6.1
    # via juniper-canopy (pyproject.toml)
numpy==2.5.1
    # via
    #   juniper-canopy (pyproject.toml)
    #   juniper-cascor-protocol
    #   juniper-data-client
    #   juniper-service-core
    #   scipy
packaging==26.2
    # via plotly
plotly==6.9.0
    # via
    #   juniper-canopy (pyproject.toml)
    #   dash
prometheus-client==0.25.0
    # via juniper-canopy (pyproject.toml)
psutil==7.2.2
    # via juniper-canopy (pyproject.toml)
pydantic==2.13.4
    # via
    #   juniper-canopy (pyproject.toml)
    #   dash
    #   fastapi
    #   juniper-cascor-protocol
    #   juniper-observability
    #   juniper-service-core
    #   pydantic-settings
pydantic-core==2.46.4
    # via pydantic
pydantic-settings==2.14.2
    # via
    #   juniper-canopy (pyproject.toml)
    #   juniper-service-core
python-dotenv==1.2.2
    # via
    #   pydantic-settings
    #   uvicorn
python-multipart==0.0.32
    # via juniper-canopy (pyproject.toml)
pyyaml==6.0.3
    # via
    #   juniper-canopy (pyproject.toml)
    #   uvicorn
requests==2.34.2
    # via
    #   juniper-canopy (pyproject.toml)
    #   dash
    #   juniper-cascor-client
    #   juniper-data-client
retrying==1.4.2
    # via dash
scipy==1.18.0
    # via juniper-canopy (pyproject.toml)
sentry-sdk==2.64.0
    # via juniper-canopy (pyproject.toml)
setuptools==83.0.0
    # via dash
starlette==1.3.1
    # via
    #   fastapi
    #   juniper-observability
typing-extensions==4.16.0
    # via
    #   anyio
    #   dash
    #   fastapi
    #   pydantic
    #   pydantic-core
    #   starlette
    #   typing-inspection
typing-inspection==0.4.2
    # via
    #   fastapi
    #   pydantic
    #   pydantic-settings
urllib3==2.7.0
    # via
    #   juniper-cascor-client
    #   juniper-data-client
    #   requests
    #   sentry-sdk
uvicorn==0.51.0
    # via juniper-canopy (pyproject.toml)
uvloop==0.22.1
    # via uvicorn
watchfiles==1.2.0
    # via uvicorn
websockets==16.1
    # via
    #   juniper-canopy (pyproject.toml)
    #   juniper-cascor-client
    #   uvicorn
werkzeug==3.1.8
    # via
    #   dash
    #   flask
zipp==4.1.0
    # via importlib-metadata
